
Microsoft Visual Studio Solution File, Format Version 12.00
# Visual Studio Version 16
VisualStudioVersion = 16.0.31911.196
MinimumVisualStudioVersion = 10.0.40219.1
Project("{FAE04EC0-301F-11D3-BF4B-00C04F79EFBC}") = "CodatDemo", "CodatDemo.csproj", "{28785573-67F5-4D34-83A7-05FD6D032D52}"
EndProject
Global
	GlobalSection(SolutionConfigurationPlatforms) = preSolution
		Debug|Any CPU = Debug|Any CPU
		Release|Any CPU = Release|Any CPU
	EndGlobalSection
	GlobalSection(ProjectConfigurationPlatforms) = postSolution
		{28785573-67F5-4D34-83A7-05FD6D032D52}.Debug|Any CPU.ActiveCfg = Debug|Any CPU
		{28785573-67F5-4D34-83A7-05FD6D032D52}.Debug|Any CPU.Build.0 = Debug|Any CPU
		{28785573-67F5-4D34-83A7-05FD6D032D52}.Release|Any CPU.ActiveCfg = Release|Any CPU
		{28785573-67F5-4D34-83A7-05FD6D032D52}.Release|Any CPU.Build.0 = Release|Any CPU
	EndGlobalSection
	GlobalSection(SolutionProperties) = preSolution
		HideSolutionNode = FALSE
	EndGlobalSection
	GlobalSection(ExtensibilityGlobals) = postSolution
		SolutionGuid = {81C77958-6514-42D3-9CC5-51BD1F286686}
	EndGlobalSection
EndGlobal
